
Microsoft Visual Studio Solution File, Format Version 12.00
# Visual Studio Version 17
VisualStudioVersion = 17.4.33205.214
MinimumVisualStudioVersion = 10.0.40219.1
Project("{9A19103F-16F7-4668-BE54-9A1E7A4F7556}") = "Player", "Player\Player.csproj", "{EEA06895-727C-45A0-B5D6-0FADBB58634E}"
EndProject
Project("{9A19103F-16F7-4668-BE54-9A1E7A4F7556}") = "Map", "Map\Map.csproj", "{996F3EE8-9042-470F-8AC8-FA61771BADE1}"
EndProject
Project("{9A19103F-16F7-4668-BE54-9A1E7A4F7556}") = "Enemy", "Enemy\Enemy.csproj", "{2CCA78E7-4D94-4B8D-8694-B52E311B3A30}"
EndProject
Project("{9A19103F-16F7-4668-BE54-9A1E7A4F7556}") = "EnemyTongue", "EnemyTongue\EnemyTongue.csproj", "{BF56EC43-F921-45B9-A446-D806F4921DC3}"
EndProject
Global
	GlobalSection(SolutionConfigurationPlatforms) = preSolution
		Debug|Any CPU = Debug|Any CPU
		Release|Any CPU = Release|Any CPU
	EndGlobalSection
	GlobalSection(ProjectConfigurationPlatforms) = postSolution
		{EEA06895-727C-45A0-B5D6-0FADBB58634E}.Debug|Any CPU.ActiveCfg = Debug|Any CPU
		{EEA06895-727C-45A0-B5D6-0FADBB58634E}.Debug|Any CPU.Build.0 = Debug|Any CPU
		{EEA06895-727C-45A0-B5D6-0FADBB58634E}.Release|Any CPU.ActiveCfg = Release|Any CPU
		{EEA06895-727C-45A0-B5D6-0FADBB58634E}.Release|Any CPU.Build.0 = Release|Any CPU
		{996F3EE8-9042-470F-8AC8-FA61771BADE1}.Debug|Any CPU.ActiveCfg = Debug|Any CPU
		{996F3EE8-9042-470F-8AC8-FA61771BADE1}.Debug|Any CPU.Build.0 = Debug|Any CPU
		{996F3EE8-9042-470F-8AC8-FA61771BADE1}.Release|Any CPU.ActiveCfg = Release|Any CPU
		{996F3EE8-9042-470F-8AC8-FA61771BADE1}.Release|Any CPU.Build.0 = Release|Any CPU
		{2CCA78E7-4D94-4B8D-8694-B52E311B3A30}.Debug|Any CPU.ActiveCfg = Debug|Any CPU
		{2CCA78E7-4D94-4B8D-8694-B52E311B3A30}.Debug|Any CPU.Build.0 = Debug|Any CPU
		{2CCA78E7-4D94-4B8D-8694-B52E311B3A30}.Release|Any CPU.ActiveCfg = Release|Any CPU
		{2CCA78E7-4D94-4B8D-8694-B52E311B3A30}.Release|Any CPU.Build.0 = Release|Any CPU
		{BF56EC43-F921-45B9-A446-D806F4921DC3}.Debug|Any CPU.ActiveCfg = Debug|Any CPU
		{BF56EC43-F921-45B9-A446-D806F4921DC3}.Debug|Any CPU.Build.0 = Debug|Any CPU
		{BF56EC43-F921-45B9-A446-D806F4921DC3}.Release|Any CPU.ActiveCfg = Release|Any CPU
		{BF56EC43-F921-45B9-A446-D806F4921DC3}.Release|Any CPU.Build.0 = Release|Any CPU
	EndGlobalSection
	GlobalSection(SolutionProperties) = preSolution
		HideSolutionNode = FALSE
	EndGlobalSection
	GlobalSection(ExtensibilityGlobals) = postSolution
		SolutionGuid = {D52A017E-D3A4-4AFF-94DE-148097B26CC9}
	EndGlobalSection
EndGlobal
