
Microsoft Visual Studio Solution File, Format Version 12.00
# Visual Studio Version 17
VisualStudioVersion = 17.4.33205.214
MinimumVisualStudioVersion = 10.0.40219.1
Project("{9A19103F-16F7-4668-BE54-9A1E7A4F7556}") = "Player", "Player\Player.csproj", "{EEA06895-727C-45A0-B5D6-0FADBB58634E}"
EndProject
Project("{9A19103F-16F7-4668-BE54-9A1E7A4F7556}") = "MapGeometry", "MapGeometry\MapGeometry.csproj", "{996F3EE8-9042-470F-8AC8-FA61771BADE1}"
EndProject
Project("{9A19103F-16F7-4668-BE54-9A1E7A4F7556}") = "Enemy", "Enemy\Enemy.csproj", "{2CCA78E7-4D94-4B8D-8694-B52E311B3A30}"
EndProject
Project("{9A19103F-16F7-4668-BE54-9A1E7A4F7556}") = "Doors", "Door\Doors.csproj", "{A4DEE5AF-2DB8-4B46-AC07-ADDB6B5822BE}"
EndProject
Project("{9A19103F-16F7-4668-BE54-9A1E7A4F7556}") = "EnemyTongue", "EnemyTongue\EnemyTongue.csproj", "{BF56EC43-F921-45B9-A446-D806F4921DC3}"
EndProject
Project("{2150E333-8FDC-42A3-9474-1A3956D46DE8}") = "Map", "Map", "{2263F7D5-1BA8-4D3E-906C-9D28983D1B02}"
EndProject
Project("{2150E333-8FDC-42A3-9474-1A3956D46DE8}") = "Enemy", "Enemy", "{AAFBE019-EA0B-49C1-B8BB-BF9BB61B7A49}"
EndProject
Project("{2150E333-8FDC-42A3-9474-1A3956D46DE8}") = "Player", "Player", "{D27E9350-D6C3-4106-B8CF-94D18E333896}"
EndProject
Project("{9A19103F-16F7-4668-BE54-9A1E7A4F7556}") = "EnemyProjectile", "EnemyProjectile\EnemyProjectile.csproj", "{1D545F4A-3DAC-44CD-B2F6-7B05DE3CBE1B}"
EndProject
Project("{FAE04EC0-301F-11D3-BF4B-00C04F79EFBC}") = "GunShots", "GunShots\GunShots.csproj", "{C75F8B52-2785-4382-99D4-0F5F65EA6E45}"
EndProject
Global
	GlobalSection(SolutionConfigurationPlatforms) = preSolution
		Debug|Any CPU = Debug|Any CPU
		Release|Any CPU = Release|Any CPU
	EndGlobalSection
	GlobalSection(ProjectConfigurationPlatforms) = postSolution
		{EEA06895-727C-45A0-B5D6-0FADBB58634E}.Debug|Any CPU.ActiveCfg = Debug|Any CPU
		{EEA06895-727C-45A0-B5D6-0FADBB58634E}.Debug|Any CPU.Build.0 = Debug|Any CPU
		{EEA06895-727C-45A0-B5D6-0FADBB58634E}.Release|Any CPU.ActiveCfg = Release|Any CPU
		{EEA06895-727C-45A0-B5D6-0FADBB58634E}.Release|Any CPU.Build.0 = Release|Any CPU
		{996F3EE8-9042-470F-8AC8-FA61771BADE1}.Debug|Any CPU.ActiveCfg = Debug|Any CPU
		{996F3EE8-9042-470F-8AC8-FA61771BADE1}.Debug|Any CPU.Build.0 = Debug|Any CPU
		{996F3EE8-9042-470F-8AC8-FA61771BADE1}.Release|Any CPU.ActiveCfg = Release|Any CPU
		{996F3EE8-9042-470F-8AC8-FA61771BADE1}.Release|Any CPU.Build.0 = Release|Any CPU
		{2CCA78E7-4D94-4B8D-8694-B52E311B3A30}.Debug|Any CPU.ActiveCfg = Debug|Any CPU
		{2CCA78E7-4D94-4B8D-8694-B52E311B3A30}.Debug|Any CPU.Build.0 = Debug|Any CPU
		{2CCA78E7-4D94-4B8D-8694-B52E311B3A30}.Release|Any CPU.ActiveCfg = Release|Any CPU
		{2CCA78E7-4D94-4B8D-8694-B52E311B3A30}.Release|Any CPU.Build.0 = Release|Any CPU
		{A4DEE5AF-2DB8-4B46-AC07-ADDB6B5822BE}.Debug|Any CPU.ActiveCfg = Debug|Any CPU
		{A4DEE5AF-2DB8-4B46-AC07-ADDB6B5822BE}.Debug|Any CPU.Build.0 = Debug|Any CPU
		{A4DEE5AF-2DB8-4B46-AC07-ADDB6B5822BE}.Release|Any CPU.ActiveCfg = Release|Any CPU
		{A4DEE5AF-2DB8-4B46-AC07-ADDB6B5822BE}.Release|Any CPU.Build.0 = Release|Any CPU
		{BF56EC43-F921-45B9-A446-D806F4921DC3}.Debug|Any CPU.ActiveCfg = Debug|Any CPU
		{BF56EC43-F921-45B9-A446-D806F4921DC3}.Debug|Any CPU.Build.0 = Debug|Any CPU
		{BF56EC43-F921-45B9-A446-D806F4921DC3}.Release|Any CPU.ActiveCfg = Release|Any CPU
		{BF56EC43-F921-45B9-A446-D806F4921DC3}.Release|Any CPU.Build.0 = Release|Any CPU
		{1D545F4A-3DAC-44CD-B2F6-7B05DE3CBE1B}.Debug|Any CPU.ActiveCfg = Debug|Any CPU
		{1D545F4A-3DAC-44CD-B2F6-7B05DE3CBE1B}.Debug|Any CPU.Build.0 = Debug|Any CPU
		{1D545F4A-3DAC-44CD-B2F6-7B05DE3CBE1B}.Release|Any CPU.ActiveCfg = Release|Any CPU
		{1D545F4A-3DAC-44CD-B2F6-7B05DE3CBE1B}.Release|Any CPU.Build.0 = Release|Any CPU
		{C75F8B52-2785-4382-99D4-0F5F65EA6E45}.Debug|Any CPU.ActiveCfg = Debug|Any CPU
		{C75F8B52-2785-4382-99D4-0F5F65EA6E45}.Debug|Any CPU.Build.0 = Debug|Any CPU
		{C75F8B52-2785-4382-99D4-0F5F65EA6E45}.Release|Any CPU.ActiveCfg = Release|Any CPU
		{C75F8B52-2785-4382-99D4-0F5F65EA6E45}.Release|Any CPU.Build.0 = Release|Any CPU
	EndGlobalSection
	GlobalSection(SolutionProperties) = preSolution
		HideSolutionNode = FALSE
	EndGlobalSection
	GlobalSection(NestedProjects) = preSolution
		{EEA06895-727C-45A0-B5D6-0FADBB58634E} = {D27E9350-D6C3-4106-B8CF-94D18E333896}
		{996F3EE8-9042-470F-8AC8-FA61771BADE1} = {2263F7D5-1BA8-4D3E-906C-9D28983D1B02}
		{2CCA78E7-4D94-4B8D-8694-B52E311B3A30} = {AAFBE019-EA0B-49C1-B8BB-BF9BB61B7A49}
		{A4DEE5AF-2DB8-4B46-AC07-ADDB6B5822BE} = {2263F7D5-1BA8-4D3E-906C-9D28983D1B02}
		{BF56EC43-F921-45B9-A446-D806F4921DC3} = {AAFBE019-EA0B-49C1-B8BB-BF9BB61B7A49}
		{1D545F4A-3DAC-44CD-B2F6-7B05DE3CBE1B} = {AAFBE019-EA0B-49C1-B8BB-BF9BB61B7A49}
		{C75F8B52-2785-4382-99D4-0F5F65EA6E45} = {D27E9350-D6C3-4106-B8CF-94D18E333896}
	EndGlobalSection
	GlobalSection(ExtensibilityGlobals) = postSolution
		SolutionGuid = {D52A017E-D3A4-4AFF-94DE-148097B26CC9}
	EndGlobalSection
EndGlobal
